// !$*UTF8*$!
{
	archiveVersion = 1;
	classes = {
	};
	objectVersion = 46;
	objects = {

/* Begin PBXBuildFile section */
		1859E4AD1EB6F65900F154B2 /* AppDelegate.swift in Sources */ = {isa = PBXBuildFile; fileRef = 1859E4AC1EB6F65900F154B2 /* AppDelegate.swift */; };
		1859E4AF1EB6F65900F154B2 /* ViewController.swift in Sources */ = {isa = PBXBuildFile; fileRef = 1859E4AE1EB6F65900F154B2 /* ViewController.swift */; };
		1859E4B21EB6F65900F154B2 /* Main.storyboard in Resources */ = {isa = PBXBuildFile; fileRef = 1859E4B01EB6F65900F154B2 /* Main.storyboard */; };
		1859E4B41EB6F65900F154B2 /* Assets.xcassets in Resources */ = {isa = PBXBuildFile; fileRef = 1859E4B31EB6F65900F154B2 /* Assets.xcassets */; };
		1859E4B71EB6F65900F154B2 /* LaunchScreen.storyboard in Resources */ = {isa = PBXBuildFile; fileRef = 1859E4B51EB6F65900F154B2 /* LaunchScreen.storyboard */; };
		1859E4C21EB6F65900F154B2 /* LinkedListTests.swift in Sources */ = {isa = PBXBuildFile; fileRef = 1859E4C11EB6F65900F154B2 /* LinkedListTests.swift */; };
		1859E4CD1EB7086400F154B2 /* Node.swift in Sources */ = {isa = PBXBuildFile; fileRef = 1859E4CC1EB7086400F154B2 /* Node.swift */; };
		1859E4CF1EB71F0A00F154B2 /* LinkedList.swift in Sources */ = {isa = PBXBuildFile; fileRef = 1859E4CE1EB71F0A00F154B2 /* LinkedList.swift */; };
/* End PBXBuildFile section */

/* Begin PBXContainerItemProxy section */
		1859E4BE1EB6F65900F154B2 /* PBXContainerItemProxy */ = {
			isa = PBXContainerItemProxy;
			containerPortal = 1859E4A11EB6F65900F154B2 /* Project object */;
			proxyType = 1;
			remoteGlobalIDString = 1859E4A81EB6F65900F154B2;
			remoteInfo = LinkedList;
		};
/* End PBXContainerItemProxy section */

/* Begin PBXFileReference section */
		1859E4A91EB6F65900F154B2 /* LinkedList.app */ = {isa = PBXFileReference; explicitFileType = wrapper.application; includeInIndex = 0; path = LinkedList.app; sourceTree = BUILT_PRODUCTS_DIR; };
		1859E4AC1EB6F65900F154B2 /* AppDelegate.swift */ = {isa = PBXFileReference; lastKnownFileType = sourcecode.swift; path = AppDelegate.swift; sourceTree = "<group>"; };
		1859E4AE1EB6F65900F154B2 /* ViewController.swift */ = {isa = PBXFileReference; lastKnownFileType = sourcecode.swift; path = ViewController.swift; sourceTree = "<group>"; };
		1859E4B11EB6F65900F154B2 /* Base */ = {isa = PBXFileReference; lastKnownFileType = file.storyboard; name = Base; path = Base.lproj/Main.storyboard; sourceTree = "<group>"; };
		1859E4B31EB6F65900F154B2 /* Assets.xcassets */ = {isa = PBXFileReference; lastKnownFileType = folder.assetcatalog; path = Assets.xcassets; sourceTree = "<group>"; };
		1859E4B61EB6F65900F154B2 /* Base */ = {isa = PBXFileReference; lastKnownFileType = file.storyboard; name = Base; path = Base.lproj/LaunchScreen.storyboard; sourceTree = "<group>"; };
		1859E4B81EB6F65900F154B2 /* Info.plist */ = {isa = PBXFileReference; lastKnownFileType = text.plist.xml; path = Info.plist; sourceTree = "<group>"; };
		1859E4BD1EB6F65900F154B2 /* LinkedListTests.xctest */ = {isa = PBXFileReference; explicitFileType = wrapper.cfbundle; includeInIndex = 0; path = LinkedListTests.xctest; sourceTree = BUILT_PRODUCTS_DIR; };
		1859E4C11EB6F65900F154B2 /* LinkedListTests.swift */ = {isa = PBXFileReference; lastKnownFileType = sourcecode.swift; path = LinkedListTests.swift; sourceTree = "<group>"; };
		1859E4C31EB6F65900F154B2 /* Info.plist */ = {isa = PBXFileReference; lastKnownFileType = text.plist.xml; path = Info.plist; sourceTree = "<group>"; };
		1859E4CC1EB7086400F154B2 /* Node.swift */ = {isa = PBXFileReference; fileEncoding = 4; lastKnownFileType = sourcecode.swift; path = Node.swift; sourceTree = "<group>"; };
		1859E4CE1EB71F0A00F154B2 /* LinkedList.swift */ = {isa = PBXFileReference; fileEncoding = 4; lastKnownFileType = sourcecode.swift; path = LinkedList.swift; sourceTree = "<group>"; };
/* End PBXFileReference section */

/* Begin PBXFrameworksBuildPhase section */
		1859E4A61EB6F65900F154B2 /* Frameworks */ = {
			isa = PBXFrameworksBuildPhase;
			buildActionMask = 2147483647;
			files = (
			);
			runOnlyForDeploymentPostprocessing = 0;
		};
		1859E4BA1EB6F65900F154B2 /* Frameworks */ = {
			isa = PBXFrameworksBuildPhase;
			buildActionMask = 2147483647;
			files = (
			);
			runOnlyForDeploymentPostprocessing = 0;
		};
/* End PBXFrameworksBuildPhase section */

/* Begin PBXGroup section */
		1859E4A01EB6F65900F154B2 = {
			isa = PBXGroup;
			children = (
				1859E4AB1EB6F65900F154B2 /* LinkedList */,
				1859E4C01EB6F65900F154B2 /* LinkedListTests */,
				1859E4AA1EB6F65900F154B2 /* Products */,
			);
			sourceTree = "<group>";
		};
		1859E4AA1EB6F65900F154B2 /* Products */ = {
			isa = PBXGroup;
			children = (
				1859E4A91EB6F65900F154B2 /* LinkedList.app */,
				1859E4BD1EB6F65900F154B2 /* LinkedListTests.xctest */,
			);
			name = Products;
			sourceTree = "<group>";
		};
		1859E4AB1EB6F65900F154B2 /* LinkedList */ = {
			isa = PBXGroup;
			children = (
				1859E4AC1EB6F65900F154B2 /* AppDelegate.swift */,
				1859E4AE1EB6F65900F154B2 /* ViewController.swift */,
				1859E4B01EB6F65900F154B2 /* Main.storyboard */,
				1859E4B31EB6F65900F154B2 /* Assets.xcassets */,
				1859E4B51EB6F65900F154B2 /* LaunchScreen.storyboard */,
				1859E4B81EB6F65900F154B2 /* Info.plist */,
				1859E4CC1EB7086400F154B2 /* Node.swift */,
				1859E4CE1EB71F0A00F154B2 /* LinkedList.swift */,
			);
			path = LinkedList;
			sourceTree = "<group>";
		};
		1859E4C01EB6F65900F154B2 /* LinkedListTests */ = {
			isa = PBXGroup;
			children = (
				1859E4C11EB6F65900F154B2 /* LinkedListTests.swift */,
				1859E4C31EB6F65900F154B2 /* Info.plist */,
			);
			path = LinkedListTests;
			sourceTree = "<group>";
		};
/* End PBXGroup section */

/* Begin PBXNativeTarget section */
		1859E4A81EB6F65900F154B2 /* LinkedList */ = {
			isa = PBXNativeTarget;
			buildConfigurationList = 1859E4C61EB6F65900F154B2 /* Build configuration list for PBXNativeTarget "LinkedList" */;
			buildPhases = (
				1859E4A51EB6F65900F154B2 /* Sources */,
				1859E4A61EB6F65900F154B2 /* Frameworks */,
				1859E4A71EB6F65900F154B2 /* Resources */,
			);
			buildRules = (
			);
			dependencies = (
			);
			name = LinkedList;
			productName = LinkedList;
			productReference = 1859E4A91EB6F65900F154B2 /* LinkedList.app */;
			productType = "com.apple.product-type.application";
		};
		1859E4BC1EB6F65900F154B2 /* LinkedListTests */ = {
			isa = PBXNativeTarget;
			buildConfigurationList = 1859E4C91EB6F65900F154B2 /* Build configuration list for PBXNativeTarget "LinkedListTests" */;
			buildPhases = (
				1859E4B91EB6F65900F154B2 /* Sources */,
				1859E4BA1EB6F65900F154B2 /* Frameworks */,
				1859E4BB1EB6F65900F154B2 /* Resources */,
			);
			buildRules = (
			);
			dependencies = (
				1859E4BF1EB6F65900F154B2 /* PBXTargetDependency */,
			);
			name = LinkedListTests;
			productName = LinkedListTests;
			productReference = 1859E4BD1EB6F65900F154B2 /* LinkedListTests.xctest */;
			productType = "com.apple.product-type.bundle.unit-test";
		};
/* End PBXNativeTarget section */

/* Begin PBXProject section */
		1859E4A11EB6F65900F154B2 /* Project object */ = {
			isa = PBXProject;
			attributes = {
				LastSwiftUpdateCheck = 0820;
				LastUpgradeCheck = 0820;
				ORGANIZATIONNAME = myScKool.com;
				TargetAttributes = {
					1859E4A81EB6F65900F154B2 = {
						CreatedOnToolsVersion = 8.2.1;
						ProvisioningStyle = Automatic;
					};
					1859E4BC1EB6F65900F154B2 = {
						CreatedOnToolsVersion = 8.2.1;
						ProvisioningStyle = Automatic;
						TestTargetID = 1859E4A81EB6F65900F154B2;
					};
				};
			};
			buildConfigurationList = 1859E4A41EB6F65900F154B2 /* Build configuration list for PBXProject "LinkedList" */;
			compatibilityVersion = "Xcode 3.2";
			developmentRegion = English;
			hasScannedForEncodings = 0;
			knownRegions = (
				en,
				Base,
			);
			mainGroup = 1859E4A01EB6F65900F154B2;
			productRefGroup = 1859E4AA1EB6F65900F154B2 /* Products */;
			projectDirPath = "";
			projectRoot = "";
			targets = (
				1859E4A81EB6F65900F154B2 /* LinkedList */,
				1859E4BC1EB6F65900F154B2 /* LinkedListTests */,
			);
		};
/* End PBXProject section */

/* Begin PBXResourcesBuildPhase section */
		1859E4A71EB6F65900F154B2 /* Resources */ = {
			isa = PBXResourcesBuildPhase;
			buildActionMask = 2147483647;
			files = (
				1859E4B71EB6F65900F154B2 /* LaunchScreen.storyboard in Resources */,
				1859E4B41EB6F65900F154B2 /* Assets.xcassets in Resources */,
				1859E4B21EB6F65900F154B2 /* Main.storyboard in Resources */,
			);
			runOnlyForDeploymentPostprocessing = 0;
		};
		1859E4BB1EB6F65900F154B2 /* Resources */ = {
			isa = PBXResourcesBuildPhase;
			buildActionMask = 2147483647;
			files = (
			);
			runOnlyForDeploymentPostprocessing = 0;
		};
/* End PBXResourcesBuildPhase section */

/* Begin PBXSourcesBuildPhase section */
		1859E4A51EB6F65900F154B2 /* Sources */ = {
			isa = PBXSourcesBuildPhase;
			buildActionMask = 2147483647;
			files = (
				1859E4CD1EB7086400F154B2 /* Node.swift in Sources */,
				1859E4AF1EB6F65900F154B2 /* ViewController.swift in Sources */,
				1859E4CF1EB71F0A00F154B2 /* LinkedList.swift in Sources */,
				1859E4AD1EB6F65900F154B2 /* AppDelegate.swift in Sources */,
			);
			runOnlyForDeploymentPostprocessing = 0;
		};
		1859E4B91EB6F65900F154B2 /* Sources */ = {
			isa = PBXSourcesBuildPhase;
			buildActionMask = 2147483647;
			files = (
				1859E4C21EB6F65900F154B2 /* LinkedListTests.swift in Sources */,
			);
			runOnlyForDeploymentPostprocessing = 0;
		};
/* End PBXSourcesBuildPhase section */

/* Begin PBXTargetDependency section */
		1859E4BF1EB6F65900F154B2 /* PBXTargetDependency */ = {
			isa = PBXTargetDependency;
			target = 1859E4A81EB6F65900F154B2 /* LinkedList */;
			targetProxy = 1859E4BE1EB6F65900F154B2 /* PBXContainerItemProxy */;
		};
/* End PBXTargetDependency section */

/* Begin PBXVariantGroup section */
		1859E4B01EB6F65900F154B2 /* Main.storyboard */ = {
			isa = PBXVariantGroup;
			children = (
				1859E4B11EB6F65900F154B2 /* Base */,
			);
			name = Main.storyboard;
			sourceTree = "<group>";
		};
		1859E4B51EB6F65900F154B2 /* LaunchScreen.storyboard */ = {
			isa = PBXVariantGroup;
			children = (
				1859E4B61EB6F65900F154B2 /* Base */,
			);
			name = LaunchScreen.storyboard;
			sourceTree = "<group>";
		};
/* End PBXVariantGroup section */

/* Begin XCBuildConfiguration section */
		1859E4C41EB6F65900F154B2 /* Debug */ = {
			isa = XCBuildConfiguration;
			buildSettings = {
				ALWAYS_SEARCH_USER_PATHS = NO;
				CLANG_ANALYZER_NONNULL = YES;
				CLANG_CXX_LANGUAGE_STANDARD = "gnu++0x";
				CLANG_CXX_LIBRARY = "libc++";
				CLANG_ENABLE_MODULES = YES;
				CLANG_ENABLE_OBJC_ARC = YES;
				CLANG_WARN_BOOL_CONVERSION = YES;
				CLANG_WARN_CONSTANT_CONVERSION = YES;
				CLANG_WARN_DIRECT_OBJC_ISA_USAGE = YES_ERROR;
				CLANG_WARN_DOCUMENTATION_COMMENTS = YES;
				CLANG_WARN_EMPTY_BODY = YES;
				CLANG_WARN_ENUM_CONVERSION = YES;
				CLANG_WARN_INFINITE_RECURSION = YES;
				CLANG_WARN_INT_CONVERSION = YES;
				CLANG_WARN_OBJC_ROOT_CLASS = YES_ERROR;
				CLANG_WARN_SUSPICIOUS_MOVE = YES;
				CLANG_WARN_UNREACHABLE_CODE = YES;
				CLANG_WARN__DUPLICATE_METHOD_MATCH = YES;
				"CODE_SIGN_IDENTITY[sdk=iphoneos*]" = "iPhone Developer";
				COPY_PHASE_STRIP = NO;
				DEBUG_INFORMATION_FORMAT = dwarf;
				ENABLE_STRICT_OBJC_MSGSEND = YES;
				ENABLE_TESTABILITY = YES;
				GCC_C_LANGUAGE_STANDARD = gnu99;
				GCC_DYNAMIC_NO_PIC = NO;
				GCC_NO_COMMON_BLOCKS = YES;
				GCC_OPTIMIZATION_LEVEL = 0;
				GCC_PREPROCESSOR_DEFINITIONS = (
					"DEBUG=1",
					"$(inherited)",
				);
				GCC_WARN_64_TO_32_BIT_CONVERSION = YES;
				GCC_WARN_ABOUT_RETURN_TYPE = YES_ERROR;
				GCC_WARN_UNDECLARED_SELECTOR = YES;
				GCC_WARN_UNINITIALIZED_AUTOS = YES_AGGRESSIVE;
				GCC_WARN_UNUSED_FUNCTION = YES;
				GCC_WARN_UNUSED_VARIABLE = YES;
				IPHONEOS_DEPLOYMENT_TARGET = 10.2;
				MTL_ENABLE_DEBUG_INFO = YES;
				ONLY_ACTIVE_ARCH = YES;
				SDKROOT = iphoneos;
				SWIFT_ACTIVE_COMPILATION_CONDITIONS = DEBUG;
				SWIFT_OPTIMIZATION_LEVEL = "-Onone";
				TARGETED_DEVICE_FAMILY = "1,2";
			};
			name = Debug;
		};
		1859E4C51EB6F65900F154B2 /* Release */ = {
			isa = XCBuildConfiguration;
			buildSettings = {
				ALWAYS_SEARCH_USER_PATHS = NO;
				CLANG_ANALYZER_NONNULL = YES;
				CLANG_CXX_LANGUAGE_STANDARD = "gnu++0x";
				CLANG_CXX_LIBRARY = "libc++";
				CLANG_ENABLE_MODULES = YES;
				CLANG_ENABLE_OBJC_ARC = YES;
				CLANG_WARN_BOOL_CONVERSION = YES;
				CLANG_WARN_CONSTANT_CONVERSION = YES;
				CLANG_WARN_DIRECT_OBJC_ISA_USAGE = YES_ERROR;
				CLANG_WARN_DOCUMENTATION_COMMENTS = YES;
				CLANG_WARN_EMPTY_BODY = YES;
				CLANG_WARN_ENUM_CONVERSION = YES;
				CLANG_WARN_INFINITE_RECURSION = YES;
				CLANG_WARN_INT_CONVERSION = YES;
				CLANG_WARN_OBJC_ROOT_CLASS = YES_ERROR;
				CLANG_WARN_SUSPICIOUS_MOVE = YES;
				CLANG_WARN_UNREACHABLE_CODE = YES;
				CLANG_WARN__DUPLICATE_METHOD_MATCH = YES;
				"CODE_SIGN_IDENTITY[sdk=iphoneos*]" = "iPhone Developer";
				COPY_PHASE_STRIP = NO;
				DEBUG_INFORMATION_FORMAT = "dwarf-with-dsym";
				ENABLE_NS_ASSERTIONS = NO;
				ENABLE_STRICT_OBJC_MSGSEND = YES;
				GCC_C_LANGUAGE_STANDARD = gnu99;
				GCC_NO_COMMON_BLOCKS = YES;
				GCC_WARN_64_TO_32_BIT_CONVERSION = YES;
				GCC_WARN_ABOUT_RETURN_TYPE = YES_ERROR;
				GCC_WARN_UNDECLARED_SELECTOR = YES;
				GCC_WARN_UNINITIALIZED_AUTOS = YES_AGGRESSIVE;
				GCC_WARN_UNUSED_FUNCTION = YES;
				GCC_WARN_UNUSED_VARIABLE = YES;
				IPHONEOS_DEPLOYMENT_TARGET = 10.2;
				MTL_ENABLE_DEBUG_INFO = NO;
				SDKROOT = iphoneos;
				SWIFT_OPTIMIZATION_LEVEL = "-Owholemodule";
				TARGETED_DEVICE_FAMILY = "1,2";
				VALIDATE_PRODUCT = YES;
			};
			name = Release;
		};
		1859E4C71EB6F65900F154B2 /* Debug */ = {
			isa = XCBuildConfiguration;
			buildSettings = {
				ASSETCATALOG_COMPILER_APPICON_NAME = AppIcon;
				INFOPLIST_FILE = LinkedList/Info.plist;
				LD_RUNPATH_SEARCH_PATHS = "$(inherited) @executable_path/Frameworks";
				PRODUCT_BUNDLE_IDENTIFIER = com.roopesh.LinkedList;
				PRODUCT_NAME = "$(TARGET_NAME)";
				SWIFT_VERSION = 3.0;
			};
			name = Debug;
		};
		1859E4C81EB6F65900F154B2 /* Release */ = {
			isa = XCBuildConfiguration;
			buildSettings = {
				ASSETCATALOG_COMPILER_APPICON_NAME = AppIcon;
				INFOPLIST_FILE = LinkedList/Info.plist;
				LD_RUNPATH_SEARCH_PATHS = "$(inherited) @executable_path/Frameworks";
				PRODUCT_BUNDLE_IDENTIFIER = com.roopesh.LinkedList;
				PRODUCT_NAME = "$(TARGET_NAME)";
				SWIFT_VERSION = 3.0;
			};
			name = Release;
		};
		1859E4CA1EB6F65900F154B2 /* Debug */ = {
			isa = XCBuildConfiguration;
			buildSettings = {
				ALWAYS_EMBED_SWIFT_STANDARD_LIBRARIES = YES;
				BUNDLE_LOADER = "$(TEST_HOST)";
				INFOPLIST_FILE = LinkedListTests/Info.plist;
				LD_RUNPATH_SEARCH_PATHS = "$(inherited) @executable_path/Frameworks @loader_path/Frameworks";
				PRODUCT_BUNDLE_IDENTIFIER = com.roopesh.LinkedListTests;
				PRODUCT_NAME = "$(TARGET_NAME)";
				SWIFT_VERSION = 3.0;
				TEST_HOST = "$(BUILT_PRODUCTS_DIR)/LinkedList.app/LinkedList";
			};
			name = Debug;
		};
		1859E4CB1EB6F65900F154B2 /* Release */ = {
			isa = XCBuildConfiguration;
			buildSettings = {
				ALWAYS_EMBED_SWIFT_STANDARD_LIBRARIES = YES;
				BUNDLE_LOADER = "$(TEST_HOST)";
				INFOPLIST_FILE = LinkedListTests/Info.plist;
				LD_RUNPATH_SEARCH_PATHS = "$(inherited) @executable_path/Frameworks @loader_path/Frameworks";
				PRODUCT_BUNDLE_IDENTIFIER = com.roopesh.LinkedListTests;
				PRODUCT_NAME = "$(TARGET_NAME)";
				SWIFT_VERSION = 3.0;
				TEST_HOST = "$(BUILT_PRODUCTS_DIR)/LinkedList.app/LinkedList";
			};
			name = Release;
		};
/* End XCBuildConfiguration section */

/* Begin XCConfigurationList section */
		1859E4A41EB6F65900F154B2 /* Build configuration list for PBXProject "LinkedList" */ = {
			isa = XCConfigurationList;
			buildConfigurations = (
				1859E4C41EB6F65900F154B2 /* Debug */,
				1859E4C51EB6F65900F154B2 /* Release */,
			);
			defaultConfigurationIsVisible = 0;
			defaultConfigurationName = Release;
		};
		1859E4C61EB6F65900F154B2 /* Build configuration list for PBXNativeTarget "LinkedList" */ = {
			isa = XCConfigurationList;
			buildConfigurations = (
				1859E4C71EB6F65900F154B2 /* Debug */,
				1859E4C81EB6F65900F154B2 /* Release */,
			);
			defaultConfigurationIsVisible = 0;
		};
		1859E4C91EB6F65900F154B2 /* Build configuration list for PBXNativeTarget "LinkedListTests" */ = {
			isa = XCConfigurationList;
			buildConfigurations = (
				1859E4CA1EB6F65900F154B2 /* Debug */,
				1859E4CB1EB6F65900F154B2 /* Release */,
			);
			defaultConfigurationIsVisible = 0;
		};
/* End XCConfigurationList section */
	};
	rootObject = 1859E4A11EB6F65900F154B2 /* Project object */;
}
